
Microsoft Visual Studio Solution File, Format Version 12.00
# Visual Studio Version 16
VisualStudioVersion = 16.0.31129.286
MinimumVisualStudioVersion = 10.0.40219.1
Project("{FAE04EC0-301F-11D3-BF4B-00C04F79EFBC}") = "MOSSUWI", "MOSSUWI\MOSSUWI.csproj", "{8BEA11DA-FAC9-489A-BFF9-333BC6536E59}"
EndProject
Global
	GlobalSection(SolutionConfigurationPlatforms) = preSolution
		Debug|Any CPU = Debug|Any CPU
		Release|Any CPU = Release|Any CPU
	EndGlobalSection
	GlobalSection(ProjectConfigurationPlatforms) = postSolution
		{8BEA11DA-FAC9-489A-BFF9-333BC6536E59}.Debug|Any CPU.ActiveCfg = Debug|Any CPU
		{8BEA11DA-FAC9-489A-BFF9-333BC6536E59}.Debug|Any CPU.Build.0 = Debug|Any CPU
		{8BEA11DA-FAC9-489A-BFF9-333BC6536E59}.Release|Any CPU.ActiveCfg = Release|Any CPU
		{8BEA11DA-FAC9-489A-BFF9-333BC6536E59}.Release|Any CPU.Build.0 = Release|Any CPU
	EndGlobalSection
	GlobalSection(SolutionProperties) = preSolution
		HideSolutionNode = FALSE
	EndGlobalSection
	GlobalSection(ExtensibilityGlobals) = postSolution
		SolutionGuid = {AB297127-7B8C-4CA5-8D65-0F39B4621C19}
	EndGlobalSection
EndGlobal
